%{
  "cowboy": {:git, "https://github.com/ninenines/cowboy.git", "9e600f6c1df3c440bc196b66ebbc005d70107217", [tag: "2.10.0"]},
  "cowboy_telemetry": {:git, "https://github.com/beam-telemetry/cowboy_telemetry.git", "496fcc5bf021a3135928138eb61826771d739a39", [tag: "v0.4.0"]},
  "cowlib": {:git, "https://github.com/ninenines/cowlib.git", "cc04201c1d0e1d5603cd1cde037ab729b192634c", [tag: "2.12.1"]},
  "jason": {:git, "https://github.com/michalmuskala/jason.git", "6a966cc4a41927804e51ee94a08826e519402c57", [tag: "v1.4.0"]},
  "mime": {:git, "https://github.com/elixir-plug/mime.git", "9f3a9085dae559511b4c191438a3e24c944f2537", [tag: "v2.0.3"]},
  "plug": {:git, "https://github.com/elixir-plug/plug.git", "d7940552e365e0d3245bb78ca99429ea5c324f7d", [tag: "v1.14.0"]},
  "plug_cowboy": {:git, "https://github.com/elixir-plug/plug_cowboy.git", "a20571d1ab0a57fca902b92c45ed58ee82c55a09", [tag: "v2.6.0"]},
  "plug_crypto": {:git, "https://github.com/elixir-plug/plug_crypto.git", "5884b466766676f7db7f79d62cadead47f161d36", [tag: "v1.2.5"]},
  "ranch": {:git, "https://github.com/ninenines/ranch.git", "ebf216e91ef2ae54d378234062db949d95f01c0d", [tag: "2.1.0"]},
  "telemetry": {:git, "https://github.com/beam-telemetry/telemetry.git", "80c7eb7ed620b7e0aff1c38586901c71d3565308", [tag: "v1.2.1"]},
}
